Microsoft Visual Studio Solution File, Format Version 12.00
# Visual Studio Version 17
VisualStudioVersion = 17.13.35828.75
MinimumVisualStudioVersion = 10.0.40219.1
Project("{FAE04EC0-301F-11D3-BF4B-00C04F79EFBC}") = "Urban", "Urban\Urban.csproj", "{AEAF3853-23FD-4E98-AA11-6B705AA8F869}"
EndProject
Global
	GlobalSection(SolutionConfigurationPlatforms) = preSolution
		Debug|Any CPU = Debug|Any CPU
		Release|Any CPU = Release|Any CPU
	EndGlobalSection
	GlobalSection(ProjectConfigurationPlatforms) = postSolution
		{AEAF3853-23FD-4E98-AA11-6B705AA8F869}.Debug|Any CPU.ActiveCfg = Debug|Any CPU
		{AEAF3853-23FD-4E98-AA11-6B705AA8F869}.Debug|Any CPU.Build.0 = Debug|Any CPU
		{AEAF3853-23FD-4E98-AA11-6B705AA8F869}.Release|Any CPU.ActiveCfg = Release|Any CPU
		{AEAF3853-23FD-4E98-AA11-6B705AA8F869}.Release|Any CPU.Build.0 = Release|Any CPU
	EndGlobalSection
	GlobalSection(SolutionProperties) = preSolution
		HideSolutionNode = FALSE
	EndGlobalSection
	GlobalSection(ExtensibilityGlobals) = postSolution
		SolutionGuid = {002FC66E-E0C7-4259-9EBC-7259D477DB21}
	EndGlobalSection
EndGlobal
